
Microsoft Visual Studio Solution File, Format Version 12.00
# Visual Studio Version 16
VisualStudioVersion = 16.0.29230.47
MinimumVisualStudioVersion = 10.0.40219.1
Project("{FAE04EC0-301F-11D3-BF4B-00C04F79EFBC}") = "Course140", "Course140.csproj", "{12BEE2A8-0141-4385-883C-C0ABE70BC5AE}"
EndProject
Global
	GlobalSection(SolutionConfigurationPlatforms) = preSolution
		Debug|Any CPU = Debug|Any CPU
		Release|Any CPU = Release|Any CPU
	EndGlobalSection
	GlobalSection(ProjectConfigurationPlatforms) = postSolution
		{12BEE2A8-0141-4385-883C-C0ABE70BC5AE}.Debug|Any CPU.ActiveCfg = Debug|Any CPU
		{12BEE2A8-0141-4385-883C-C0ABE70BC5AE}.Debug|Any CPU.Build.0 = Debug|Any CPU
		{12BEE2A8-0141-4385-883C-C0ABE70BC5AE}.Release|Any CPU.ActiveCfg = Release|Any CPU
		{12BEE2A8-0141-4385-883C-C0ABE70BC5AE}.Release|Any CPU.Build.0 = Release|Any CPU
	EndGlobalSection
	GlobalSection(SolutionProperties) = preSolution
		HideSolutionNode = FALSE
	EndGlobalSection
	GlobalSection(ExtensibilityGlobals) = postSolution
		SolutionGuid = {9FC133C0-36ED-4C71-BFC7-7CF26B4DE4C1}
	EndGlobalSection
EndGlobal
